# THIS IS AN AUTOGENERATED FILE. DO NOT EDIT THIS FILE DIRECTLY.
# yarn lockfile v1


"animate.css@github:daneden/animate.css":
  version "3.7.2"
  resolved "https://codeload.github.com/daneden/animate.css/tar.gz/ddab53f2c1ddf2d5bce9dbb84621f5968c020913"

bootstrap@^4.3.1:
  version "4.3.1"
  resolved "https://registry.yarnpkg.com/bootstrap/-/bootstrap-4.3.1.tgz#280ca8f610504d99d7b6b4bfc4b68cec601704ac"
  integrity sha512-rXqOmH1VilAt2DyPzluTi2blhk17bO7ef+zLLPlWvG494pDxcM234pJ8wTc/6R40UWizAIIMgxjvxZg5kmsbag==

"html5-boilerplate@github:h5bp/html5-boilerplate":
  version "7.3.0"
  resolved "https://codeload.github.com/h5bp/html5-boilerplate/tar.gz/e1c4afe46ab838e22236a3f475d1090c07f4de56"
