# THIS IS AN AUTOGENERATED FILE. DO NOT EDIT THIS FILE DIRECTLY.
# yarn lockfile v1


"animate.css@github:daneden/animate.css":
  version "3.7.2"
  resolved "https://codeload.github.com/daneden/animate.css/tar.gz/ddab53f2c1ddf2d5bce9dbb84621f5968c020913"

bootstrap@^5.0.0-beta1:
  version "5.0.0-beta1"
  resolved "https://registry.yarnpkg.com/bootstrap/-/bootstrap-5.0.0-beta1.tgz#18135001a452b3ec38b344ac638a1f9549285ee7"
  integrity sha512-UrHApw/WRmT7l2rlDdn5iXr7Jps/LlMZtJlLn9G41aGDfss48hyDeYyHtX1C6NHKVcmdUarGG+ve0LZB5iHyTQ==

"html5-boilerplate@github:h5bp/html5-boilerplate":
  version "7.3.0"
  resolved "https://codeload.github.com/h5bp/html5-boilerplate/tar.gz/e1c4afe46ab838e22236a3f475d1090c07f4de56"
