# THIS IS AN AUTOGENERATED FILE. DO NOT EDIT THIS FILE DIRECTLY.
# yarn lockfile v1


"animate.css@github:daneden/animate.css":
  version "3.7.2"
  resolved "https://codeload.github.com/daneden/animate.css/tar.gz/ddab53f2c1ddf2d5bce9dbb84621f5968c020913"

bootstrap@^5.0.0-beta2:
  version "5.0.0-beta2"
  resolved "https://registry.yarnpkg.com/bootstrap/-/bootstrap-5.0.0-beta2.tgz#ab1504a12807fa58e5e41408e35fcea42461e84b"
  integrity sha512-e+uPbPHqTQWKyCX435uVlOmgH9tUt0xtjvyOC7knhKgOS643BrQKuTo+KecGpPV7qlmOyZgCfaM4xxPWtDEN/g==

"html5-boilerplate@github:h5bp/html5-boilerplate":
  version "7.3.0"
  resolved "https://codeload.github.com/h5bp/html5-boilerplate/tar.gz/e1c4afe46ab838e22236a3f475d1090c07f4de56"
